{
    "_readme": [
        "This file locks the dependencies of your project to a known state",
        "Read more about it at http://getcomposer.org/doc/01-basic-usage.md#composer-lock-the-lock-file"
    ],
    "hash": "6902c170a865284582386e7b5b413bd4",
    "packages": [
        {
            "name": "horse/horse",
            "version": "dev-master",
            "source": {
                "type": "git",
                "url": "https://github.com/horse-php/horse.git",
                "reference": "6ab6fd20a9c85334f35b08136e861183a0e42e47"
            },
            "dist": {
                "type": "zip",
                "url": "https://api.github.com/repos/horse-php/horse/zipball/6ab6fd20a9c85334f35b08136e861183a0e42e47",
                "reference": "6ab6fd20a9c85334f35b08136e861183a0e42e47",
                "shasum": ""
            },
            "require": {
                "ilya/block": "~1",
                "symfony/console": "2.4.*"
            },
            "require-dev": {
                "phpspec/phpspec": "2.0.*"
            },
            "type": "library",
            "autoload": {
                "psr-4": {
                    "Horse\\": "src/Horse"
                },
                "classmap": [
                    "tests/DummyCommand.php"
                ]
            },
            "notification-url": "https://packagist.org/downloads/",
            "license": [
                "MIT"
            ],
            "description": "Powerful symfony/console wrapper",
            "keywords": [
                "console",
                "symfony",
                "wrapper"
            ],
            "time": "2014-05-01 15:39:05"
        },
        {
            "name": "ilya/block",
            "version": "1.3.0",
            "source": {
                "type": "git",
                "url": "https://github.com/ilya-dev/block.git",
                "reference": "52146cd99aa8d54f112cb30058e233e4ebbeb046"
            },
            "dist": {
                "type": "zip",
                "url": "https://api.github.com/repos/ilya-dev/block/zipball/52146cd99aa8d54f112cb30058e233e4ebbeb046",
                "reference": "52146cd99aa8d54f112cb30058e233e4ebbeb046",
                "shasum": ""
            },
            "require": {
                "php": ">=5.4.0"
            },
            "require-dev": {
                "phpspec/phpspec": "~2"
            },
            "type": "library",
            "autoload": {
                "psr-4": {
                    "Block\\": "src/Block/"
                },
                "files": [
                    "tests/Dummy.php"
                ]
            },
            "notification-url": "https://packagist.org/downloads/",
            "license": [
                "MIT"
            ],
            "authors": [
                {
                    "name": "Ilya S",
                    "email": "public.ilya.s@gmail.com"
                }
            ],
            "description": "Parsing docblocks made easy",
            "keywords": [
                "blocks",
                "docblocks",
                "docs",
                "documentation",
                "parsing",
                "php",
                "reflection"
            ],
            "time": "2014-05-01 07:33:40"
        },
        {
            "name": "symfony/console",
            "version": "v2.4.4",
            "target-dir": "Symfony/Component/Console",
            "source": {
                "type": "git",
                "url": "https://github.com/symfony/Console.git",
                "reference": "2e452005b1e1d003d23702d227e23614679eb5ca"
            },
            "dist": {
                "type": "zip",
                "url": "https://api.github.com/repos/symfony/Console/zipball/2e452005b1e1d003d23702d227e23614679eb5ca",
                "reference": "2e452005b1e1d003d23702d227e23614679eb5ca",
                "shasum": ""
            },
            "require": {
                "php": ">=5.3.3"
            },
            "require-dev": {
                "symfony/event-dispatcher": "~2.1"
            },
            "suggest": {
                "symfony/event-dispatcher": ""
            },
            "type": "library",
            "extra": {
                "branch-alias": {
                    "dev-master": "2.4-dev"
                }
            },
            "autoload": {
                "psr-0": {
                    "Symfony\\Component\\Console\\": ""
                }
            },
            "notification-url": "https://packagist.org/downloads/",
            "license": [
                "MIT"
            ],
            "authors": [
                {
                    "name": "Fabien Potencier",
                    "email": "fabien@symfony.com",
                    "homepage": "http://fabien.potencier.org",
                    "role": "Lead Developer"
                },
                {
                    "name": "Symfony Community",
                    "homepage": "http://symfony.com/contributors"
                }
            ],
            "description": "Symfony Console Component",
            "homepage": "http://symfony.com",
            "time": "2014-04-27 13:34:57"
        }
    ],
    "packages-dev": [

    ],
    "aliases": [

    ],
    "minimum-stability": "stable",
    "stability-flags": {
        "horse/horse": 20
    },
    "platform": [

    ],
    "platform-dev": [

    ]
}
